
Microsoft Visual Studio Solution File, Format Version 12.00
# Visual Studio Version 16
VisualStudioVersion = 25.0.1706.12
MinimumVisualStudioVersion = 10.0.40219.1
Project("{FAE04EC0-301F-11D3-BF4B-00C04F79EFBC}") = "Pesquisa.Faculdade.Model", "Pesquisa.Faculdade.Model.csproj", "{39A37092-3B9F-43F0-AA13-693C6C990D8D}"
EndProject
Global
	GlobalSection(SolutionConfigurationPlatforms) = preSolution
		Debug|Any CPU = Debug|Any CPU
		Release|Any CPU = Release|Any CPU
	EndGlobalSection
	GlobalSection(ProjectConfigurationPlatforms) = postSolution
		{39A37092-3B9F-43F0-AA13-693C6C990D8D}.Debug|Any CPU.ActiveCfg = Debug|Any CPU
		{39A37092-3B9F-43F0-AA13-693C6C990D8D}.Debug|Any CPU.Build.0 = Debug|Any CPU
		{39A37092-3B9F-43F0-AA13-693C6C990D8D}.Release|Any CPU.ActiveCfg = Release|Any CPU
		{39A37092-3B9F-43F0-AA13-693C6C990D8D}.Release|Any CPU.Build.0 = Release|Any CPU
	EndGlobalSection
	GlobalSection(SolutionProperties) = preSolution
		HideSolutionNode = FALSE
	EndGlobalSection
	GlobalSection(ExtensibilityGlobals) = postSolution
		SolutionGuid = {C4519CEC-A0DE-4167-B499-12E6FCAC494F}
	EndGlobalSection
EndGlobal
